github.com/billgraziano/dpapi v0.1.0 h1:8PNl9kDt6Q+9ZbosWlYFWXlBFSoWD9BlH+4yIojPNzg=
github.com/billgraziano/dpapi v0.1.0/go.mod h1:udRHWsIhi3NnTt6CvKvUQFBdiIr4CC/FCfN6GxaN/u0=
github.com/mattn/go-pointer v0.0.0-20190911064623-a0a44394634f h1:QTRRO+ozoYgT3CQRIzNVYJRU3DB8HRnkZv6mr4ISmMA=
github.com/mattn/go-pointer v0.0.0-20190911064623-a0a44394634f/go.mod h1:2zXcozF6qYGgmsG+SeTZz3oAbFLdD3OWqnUbNvJZAlc=
github.com/pkg/errors v0.8.1 h1:iURUrRGxPUNPdy5/HRSm+Yj6okJ6UtLINN0Q9M4+h3I=
github.com/pkg/errors v0.8.1/go.mod h1:bwawxfHBFNV+L2hUp1rHADufV3IMtnDRdf1r5NINEl0=
